
Microsoft Visual Studio Solution File, Format Version 12.00
# Visual Studio Version 16
VisualStudioVersion = 16.0.31105.61
MinimumVisualStudioVersion = 10.0.40219.1
Project("{FAE04EC0-301F-11D3-BF4B-00C04F79EFBC}") = "NetconfGUI", "NetconfGUI\NetconfGUI.csproj", "{5D901EE1-C47A-4381-A482-A94B1524EEFF}"
EndProject
Global
	GlobalSection(SolutionConfigurationPlatforms) = preSolution
		Debug|Any CPU = Debug|Any CPU
		Release|Any CPU = Release|Any CPU
	EndGlobalSection
	GlobalSection(ProjectConfigurationPlatforms) = postSolution
		{5D901EE1-C47A-4381-A482-A94B1524EEFF}.Debug|Any CPU.ActiveCfg = Debug|Any CPU
		{5D901EE1-C47A-4381-A482-A94B1524EEFF}.Debug|Any CPU.Build.0 = Debug|Any CPU
		{5D901EE1-C47A-4381-A482-A94B1524EEFF}.Release|Any CPU.ActiveCfg = Release|Any CPU
		{5D901EE1-C47A-4381-A482-A94B1524EEFF}.Release|Any CPU.Build.0 = Release|Any CPU
	EndGlobalSection
	GlobalSection(SolutionProperties) = preSolution
		HideSolutionNode = FALSE
	EndGlobalSection
	GlobalSection(ExtensibilityGlobals) = postSolution
		SolutionGuid = {B92121AE-BB11-4BE5-8F70-7D60851D150C}
	EndGlobalSection
EndGlobal
